
Microsoft Visual Studio Solution File, Format Version 12.00
# Visual Studio Version 17
VisualStudioVersion = 17.14.36401.2 d17.14
MinimumVisualStudioVersion = 10.0.40219.1
Project("{54A90642-561A-4BB1-A94E-469ADEE60C69}") = "awing_test.client", "awing_test.client\awing_test.client.esproj", "{720CDEAB-19EF-3658-D480-D00890D81EAE}"
EndProject
Project("{FAE04EC0-301F-11D3-BF4B-00C04F79EFBC}") = "awing_test.Server", "awing_test.Server\awing_test.Server.csproj", "{447D0585-BC06-4975-998A-3079EC03D3E8}"
EndProject
Global
	GlobalSection(SolutionConfigurationPlatforms) = preSolution
		Debug|Any CPU = Debug|Any CPU
		Release|Any CPU = Release|Any CPU
	EndGlobalSection
	GlobalSection(ProjectConfigurationPlatforms) = postSolution
		{720CDEAB-19EF-3658-D480-D00890D81EAE}.Debug|Any CPU.ActiveCfg = Debug|Any CPU
		{720CDEAB-19EF-3658-D480-D00890D81EAE}.Debug|Any CPU.Build.0 = Debug|Any CPU
		{720CDEAB-19EF-3658-D480-D00890D81EAE}.Debug|Any CPU.Deploy.0 = Debug|Any CPU
		{720CDEAB-19EF-3658-D480-D00890D81EAE}.Release|Any CPU.ActiveCfg = Release|Any CPU
		{720CDEAB-19EF-3658-D480-D00890D81EAE}.Release|Any CPU.Build.0 = Release|Any CPU
		{720CDEAB-19EF-3658-D480-D00890D81EAE}.Release|Any CPU.Deploy.0 = Release|Any CPU
		{447D0585-BC06-4975-998A-3079EC03D3E8}.Debug|Any CPU.ActiveCfg = Debug|Any CPU
		{447D0585-BC06-4975-998A-3079EC03D3E8}.Debug|Any CPU.Build.0 = Debug|Any CPU
		{447D0585-BC06-4975-998A-3079EC03D3E8}.Release|Any CPU.ActiveCfg = Release|Any CPU
		{447D0585-BC06-4975-998A-3079EC03D3E8}.Release|Any CPU.Build.0 = Release|Any CPU
	EndGlobalSection
	GlobalSection(SolutionProperties) = preSolution
		HideSolutionNode = FALSE
	EndGlobalSection
	GlobalSection(ExtensibilityGlobals) = postSolution
		SolutionGuid = {682C7BC2-6368-4B64-81EA-33136BF9BD0F}
	EndGlobalSection
EndGlobal
